
Microsoft Visual Studio Solution File, Format Version 12.00
# Visual Studio Version 17
VisualStudioVersion = 17.5.33627.172
MinimumVisualStudioVersion = 10.0.40219.1
Project("{9A19103F-16F7-4668-BE54-9A1E7A4F7556}") = "Lesson2", "Lesson2\Lesson2.csproj", "{5AB8D252-2F2B-47DF-B1C3-8547D231BD19}"
EndProject
Project("{9A19103F-16F7-4668-BE54-9A1E7A4F7556}") = "Lesson2.Data", "Lesson2.Data\Lesson2.Data.csproj", "{60EE8A77-4A24-4151-93CE-75B192E5CE4E}"
EndProject
Project("{9A19103F-16F7-4668-BE54-9A1E7A4F7556}") = "Lesson2.Data.Models", "Lesson2.Data.Models\Lesson2.Data.Models.csproj", "{5EDE5413-3D31-4C0F-8786-2182093B9BA6}"
EndProject
Project("{9A19103F-16F7-4668-BE54-9A1E7A4F7556}") = "Lesson2.Services", "Lesson2.Services\Lesson2.Services.csproj", "{D30EE793-4BDB-4FB9-A5E2-5727274EA9F8}"
EndProject
Project("{FAE04EC0-301F-11D3-BF4B-00C04F79EFBC}") = "Lesson2.Tests", "Lesson2.Tests\Lesson2.Tests.csproj", "{520A3B52-643B-4215-A0A1-2D7F85FBC56B}"
EndProject
Global
	GlobalSection(SolutionConfigurationPlatforms) = preSolution
		Debug|Any CPU = Debug|Any CPU
		Release|Any CPU = Release|Any CPU
	EndGlobalSection
	GlobalSection(ProjectConfigurationPlatforms) = postSolution
		{5AB8D252-2F2B-47DF-B1C3-8547D231BD19}.Debug|Any CPU.ActiveCfg = Debug|Any CPU
		{5AB8D252-2F2B-47DF-B1C3-8547D231BD19}.Debug|Any CPU.Build.0 = Debug|Any CPU
		{5AB8D252-2F2B-47DF-B1C3-8547D231BD19}.Release|Any CPU.ActiveCfg = Release|Any CPU
		{5AB8D252-2F2B-47DF-B1C3-8547D231BD19}.Release|Any CPU.Build.0 = Release|Any CPU
		{60EE8A77-4A24-4151-93CE-75B192E5CE4E}.Debug|Any CPU.ActiveCfg = Debug|Any CPU
		{60EE8A77-4A24-4151-93CE-75B192E5CE4E}.Debug|Any CPU.Build.0 = Debug|Any CPU
		{60EE8A77-4A24-4151-93CE-75B192E5CE4E}.Release|Any CPU.ActiveCfg = Release|Any CPU
		{60EE8A77-4A24-4151-93CE-75B192E5CE4E}.Release|Any CPU.Build.0 = Release|Any CPU
		{5EDE5413-3D31-4C0F-8786-2182093B9BA6}.Debug|Any CPU.ActiveCfg = Debug|Any CPU
		{5EDE5413-3D31-4C0F-8786-2182093B9BA6}.Debug|Any CPU.Build.0 = Debug|Any CPU
		{5EDE5413-3D31-4C0F-8786-2182093B9BA6}.Release|Any CPU.ActiveCfg = Release|Any CPU
		{5EDE5413-3D31-4C0F-8786-2182093B9BA6}.Release|Any CPU.Build.0 = Release|Any CPU
		{D30EE793-4BDB-4FB9-A5E2-5727274EA9F8}.Debug|Any CPU.ActiveCfg = Debug|Any CPU
		{D30EE793-4BDB-4FB9-A5E2-5727274EA9F8}.Debug|Any CPU.Build.0 = Debug|Any CPU
		{D30EE793-4BDB-4FB9-A5E2-5727274EA9F8}.Release|Any CPU.ActiveCfg = Release|Any CPU
		{D30EE793-4BDB-4FB9-A5E2-5727274EA9F8}.Release|Any CPU.Build.0 = Release|Any CPU
		{520A3B52-643B-4215-A0A1-2D7F85FBC56B}.Debug|Any CPU.ActiveCfg = Debug|Any CPU
		{520A3B52-643B-4215-A0A1-2D7F85FBC56B}.Debug|Any CPU.Build.0 = Debug|Any CPU
		{520A3B52-643B-4215-A0A1-2D7F85FBC56B}.Release|Any CPU.ActiveCfg = Release|Any CPU
		{520A3B52-643B-4215-A0A1-2D7F85FBC56B}.Release|Any CPU.Build.0 = Release|Any CPU
	EndGlobalSection
	GlobalSection(SolutionProperties) = preSolution
		HideSolutionNode = FALSE
	EndGlobalSection
	GlobalSection(ExtensibilityGlobals) = postSolution
		SolutionGuid = {A3498A02-E5A3-494F-BA8A-7467E2DD6479}
	EndGlobalSection
EndGlobal
